
Microsoft Visual Studio Solution File, Format Version 12.00
# Visual Studio 15
VisualStudioVersion = 15.0.28307.329
MinimumVisualStudioVersion = 10.0.40219.1
Project("{FAE04EC0-301F-11D3-BF4B-00C04F79EFBC}") = "APP_PUCCOINS", "APP_PUCCOINS\APP_PUCCOINS.csproj", "{1F2F8214-DA07-4C5A-B412-C93BB19071FC}"
EndProject
Project("{FAE04EC0-301F-11D3-BF4B-00C04F79EFBC}") = "API_PUCCOINS", "..\..\API_PUCCOINS\API_PUCCOINS\API_PUCCOINS.csproj", "{AA02ACA5-A8BC-4F38-9F36-E6403C3D87E5}"
EndProject
Global
	GlobalSection(SolutionConfigurationPlatforms) = preSolution
		Debug|Any CPU = Debug|Any CPU
		Release|Any CPU = Release|Any CPU
	EndGlobalSection
	GlobalSection(ProjectConfigurationPlatforms) = postSolution
		{1F2F8214-DA07-4C5A-B412-C93BB19071FC}.Debug|Any CPU.ActiveCfg = Debug|Any CPU
		{1F2F8214-DA07-4C5A-B412-C93BB19071FC}.Debug|Any CPU.Build.0 = Debug|Any CPU
		{1F2F8214-DA07-4C5A-B412-C93BB19071FC}.Release|Any CPU.ActiveCfg = Release|Any CPU
		{1F2F8214-DA07-4C5A-B412-C93BB19071FC}.Release|Any CPU.Build.0 = Release|Any CPU
		{AA02ACA5-A8BC-4F38-9F36-E6403C3D87E5}.Debug|Any CPU.ActiveCfg = Debug|Any CPU
		{AA02ACA5-A8BC-4F38-9F36-E6403C3D87E5}.Debug|Any CPU.Build.0 = Debug|Any CPU
		{AA02ACA5-A8BC-4F38-9F36-E6403C3D87E5}.Release|Any CPU.ActiveCfg = Release|Any CPU
		{AA02ACA5-A8BC-4F38-9F36-E6403C3D87E5}.Release|Any CPU.Build.0 = Release|Any CPU
	EndGlobalSection
	GlobalSection(SolutionProperties) = preSolution
		HideSolutionNode = FALSE
	EndGlobalSection
	GlobalSection(ExtensibilityGlobals) = postSolution
		SolutionGuid = {80D65460-FC00-4270-85F7-948637EF9760}
	EndGlobalSection
EndGlobal
